
Microsoft Visual Studio Solution File, Format Version 12.00
# Visual Studio Version 17
VisualStudioVersion = 17.0.31903.59
MinimumVisualStudioVersion = 10.0.40219.1
Project("{FAE04EC0-301F-11D3-BF4B-00C04F79EFBC}") = "functions", "functions.csproj", "{7CBAD78A-A47F-4D79-80A7-6209DA373BB2}"
EndProject
Project("{2150E333-8FDC-42A3-9474-1A3956D46DE8}") = "architecture", "architecture", "{B5C4E8F0-1234-4567-8901-234567890123}"
EndProject
Project("{FAE04EC0-301F-11D3-BF4B-00C04F79EFBC}") = "Contracts", "..\common\contracts\Contracts\Contracts.csproj", "{C5D6E7F8-2345-5678-9012-345678901234}"
EndProject
Global
	GlobalSection(SolutionConfigurationPlatforms) = preSolution
		Debug|Any CPU = Debug|Any CPU
		Debug|x64 = Debug|x64
		Debug|x86 = Debug|x86
		Release|Any CPU = Release|Any CPU
		Release|x64 = Release|x64
		Release|x86 = Release|x86
	EndGlobalSection
	GlobalSection(ProjectConfigurationPlatforms) = postSolution
		{7CBAD78A-A47F-4D79-80A7-6209DA373BB2}.Debug|Any CPU.ActiveCfg = Debug|Any CPU
		{7CBAD78A-A47F-4D79-80A7-6209DA373BB2}.Debug|Any CPU.Build.0 = Debug|Any CPU
		{7CBAD78A-A47F-4D79-80A7-6209DA373BB2}.Debug|x64.ActiveCfg = Debug|Any CPU
		{7CBAD78A-A47F-4D79-80A7-6209DA373BB2}.Debug|x64.Build.0 = Debug|Any CPU
		{7CBAD78A-A47F-4D79-80A7-6209DA373BB2}.Debug|x86.ActiveCfg = Debug|Any CPU
		{7CBAD78A-A47F-4D79-80A7-6209DA373BB2}.Debug|x86.Build.0 = Debug|Any CPU
		{7CBAD78A-A47F-4D79-80A7-6209DA373BB2}.Release|Any CPU.ActiveCfg = Release|Any CPU
		{7CBAD78A-A47F-4D79-80A7-6209DA373BB2}.Release|Any CPU.Build.0 = Release|Any CPU
		{7CBAD78A-A47F-4D79-80A7-6209DA373BB2}.Release|x64.ActiveCfg = Release|Any CPU
		{7CBAD78A-A47F-4D79-80A7-6209DA373BB2}.Release|x64.Build.0 = Release|Any CPU
		{7CBAD78A-A47F-4D79-80A7-6209DA373BB2}.Release|x86.ActiveCfg = Release|Any CPU
		{7CBAD78A-A47F-4D79-80A7-6209DA373BB2}.Release|x86.Build.0 = Release|Any CPU
		{C5D6E7F8-2345-5678-9012-345678901234}.Debug|Any CPU.ActiveCfg = Debug|Any CPU
		{C5D6E7F8-2345-5678-9012-345678901234}.Debug|Any CPU.Build.0 = Debug|Any CPU
		{C5D6E7F8-2345-5678-9012-345678901234}.Debug|x64.ActiveCfg = Debug|Any CPU
		{C5D6E7F8-2345-5678-9012-345678901234}.Debug|x64.Build.0 = Debug|Any CPU
		{C5D6E7F8-2345-5678-9012-345678901234}.Debug|x86.ActiveCfg = Debug|Any CPU
		{C5D6E7F8-2345-5678-9012-345678901234}.Debug|x86.Build.0 = Debug|Any CPU
		{C5D6E7F8-2345-5678-9012-345678901234}.Release|Any CPU.ActiveCfg = Release|Any CPU
		{C5D6E7F8-2345-5678-9012-345678901234}.Release|Any CPU.Build.0 = Release|Any CPU
		{C5D6E7F8-2345-5678-9012-345678901234}.Release|x64.ActiveCfg = Release|Any CPU
		{C5D6E7F8-2345-5678-9012-345678901234}.Release|x64.Build.0 = Release|Any CPU
		{C5D6E7F8-2345-5678-9012-345678901234}.Release|x86.ActiveCfg = Release|Any CPU
		{C5D6E7F8-2345-5678-9012-345678901234}.Release|x86.Build.0 = Release|Any CPU
	EndGlobalSection
	GlobalSection(SolutionProperties) = preSolution
		HideSolutionNode = FALSE
	EndGlobalSection
	GlobalSection(NestedProjects) = preSolution
		{C5D6E7F8-2345-5678-9012-345678901234} = {B5C4E8F0-1234-4567-8901-234567890123}
	EndGlobalSection
	GlobalSection(ExtensibilityGlobals) = postSolution
		SolutionGuid = {F7E25149-F2CB-4BB9-9B7F-DBDDA086D197}
	EndGlobalSection
EndGlobal
