
Microsoft Visual Studio Solution File, Format Version 12.00
# Visual Studio Version 17
VisualStudioVersion = 17.5.2.0
MinimumVisualStudioVersion = 10.0.40219.1
Project("{FAE04EC0-301F-11D3-BF4B-00C04F79EFBC}") = "api", "api\api.csproj", "{CBFA08EA-AECE-205F-7B85-326FD0B81BAD}"
EndProject
Project("{FAE04EC0-301F-11D3-BF4B-00C04F79EFBC}") = "functions", "functions\functions.csproj", "{BF501A79-F664-4706-9660-8DC8512BE814}"
EndProject
Project("{2150E333-8FDC-42A3-9474-1A3956D46DE8}") = "architecture", "architecture", "{B5C4E8F0-1234-4567-8901-234567890123}"
EndProject
Project("{FAE04EC0-301F-11D3-BF4B-00C04F79EFBC}") = "Contracts", "common\contracts\Contracts\Contracts.csproj", "{C5D6E7F8-2345-5678-9012-345678901234}"
EndProject
Global
	GlobalSection(SolutionConfigurationPlatforms) = preSolution
		Debug|Any CPU = Debug|Any CPU
		Debug|x64 = Debug|x64
		Debug|x86 = Debug|x86
		Release|Any CPU = Release|Any CPU
		Release|x64 = Release|x64
		Release|x86 = Release|x86
	EndGlobalSection
	GlobalSection(ProjectConfigurationPlatforms) = postSolution
		{CBFA08EA-AECE-205F-7B85-326FD0B81BAD}.Debug|Any CPU.ActiveCfg = Debug|Any CPU
		{CBFA08EA-AECE-205F-7B85-326FD0B81BAD}.Debug|Any CPU.Build.0 = Debug|Any CPU
		{CBFA08EA-AECE-205F-7B85-326FD0B81BAD}.Debug|x64.ActiveCfg = Debug|Any CPU
		{CBFA08EA-AECE-205F-7B85-326FD0B81BAD}.Debug|x64.Build.0 = Debug|Any CPU
		{CBFA08EA-AECE-205F-7B85-326FD0B81BAD}.Debug|x86.ActiveCfg = Debug|Any CPU
		{CBFA08EA-AECE-205F-7B85-326FD0B81BAD}.Debug|x86.Build.0 = Debug|Any CPU
		{CBFA08EA-AECE-205F-7B85-326FD0B81BAD}.Release|Any CPU.ActiveCfg = Release|Any CPU
		{CBFA08EA-AECE-205F-7B85-326FD0B81BAD}.Release|Any CPU.Build.0 = Release|Any CPU
		{CBFA08EA-AECE-205F-7B85-326FD0B81BAD}.Release|x64.ActiveCfg = Release|Any CPU
		{CBFA08EA-AECE-205F-7B85-326FD0B81BAD}.Release|x64.Build.0 = Release|Any CPU
		{CBFA08EA-AECE-205F-7B85-326FD0B81BAD}.Release|x86.ActiveCfg = Release|Any CPU
		{CBFA08EA-AECE-205F-7B85-326FD0B81BAD}.Release|x86.Build.0 = Release|Any CPU
		{BF501A79-F664-4706-9660-8DC8512BE814}.Debug|Any CPU.ActiveCfg = Debug|Any CPU
		{BF501A79-F664-4706-9660-8DC8512BE814}.Debug|Any CPU.Build.0 = Debug|Any CPU
		{BF501A79-F664-4706-9660-8DC8512BE814}.Debug|x64.ActiveCfg = Debug|Any CPU
		{BF501A79-F664-4706-9660-8DC8512BE814}.Debug|x64.Build.0 = Debug|Any CPU
		{BF501A79-F664-4706-9660-8DC8512BE814}.Debug|x86.ActiveCfg = Debug|Any CPU
		{BF501A79-F664-4706-9660-8DC8512BE814}.Debug|x86.Build.0 = Debug|Any CPU
		{BF501A79-F664-4706-9660-8DC8512BE814}.Release|Any CPU.ActiveCfg = Release|Any CPU
		{BF501A79-F664-4706-9660-8DC8512BE814}.Release|Any CPU.Build.0 = Release|Any CPU
		{BF501A79-F664-4706-9660-8DC8512BE814}.Release|x64.ActiveCfg = Release|Any CPU
		{BF501A79-F664-4706-9660-8DC8512BE814}.Release|x64.Build.0 = Release|Any CPU		{BF501A79-F664-4706-9660-8DC8512BE814}.Release|x86.ActiveCfg = Release|Any CPU
		{BF501A79-F664-4706-9660-8DC8512BE814}.Release|x86.Build.0 = Release|Any CPU
		{C5D6E7F8-2345-5678-9012-345678901234}.Debug|Any CPU.ActiveCfg = Debug|Any CPU
		{C5D6E7F8-2345-5678-9012-345678901234}.Debug|Any CPU.Build.0 = Debug|Any CPU
		{C5D6E7F8-2345-5678-9012-345678901234}.Debug|x64.ActiveCfg = Debug|Any CPU
		{C5D6E7F8-2345-5678-9012-345678901234}.Debug|x64.Build.0 = Debug|Any CPU
		{C5D6E7F8-2345-5678-9012-345678901234}.Debug|x86.ActiveCfg = Debug|Any CPU
		{C5D6E7F8-2345-5678-9012-345678901234}.Debug|x86.Build.0 = Debug|Any CPU
		{C5D6E7F8-2345-5678-9012-345678901234}.Release|Any CPU.ActiveCfg = Release|Any CPU
		{C5D6E7F8-2345-5678-9012-345678901234}.Release|Any CPU.Build.0 = Release|Any CPU
		{C5D6E7F8-2345-5678-9012-345678901234}.Release|x64.ActiveCfg = Release|Any CPU
		{C5D6E7F8-2345-5678-9012-345678901234}.Release|x64.Build.0 = Release|Any CPU
		{C5D6E7F8-2345-5678-9012-345678901234}.Release|x86.ActiveCfg = Release|Any CPU
		{C5D6E7F8-2345-5678-9012-345678901234}.Release|x86.Build.0 = Release|Any CPU
	EndGlobalSection
	GlobalSection(NestedProjects) = preSolution
		{C5D6E7F8-2345-5678-9012-345678901234} = {B5C4E8F0-1234-4567-8901-234567890123}
	EndGlobalSection
	GlobalSection(SolutionProperties) = preSolution
		HideSolutionNode = FALSE
	EndGlobalSection
	GlobalSection(ExtensibilityGlobals) = postSolution
		SolutionGuid = {1F750C50-12B1-4DE1-A95A-C85BD79DBE77}
	EndGlobalSection
EndGlobal
